<?xml version="1.0" encoding="utf-8"?>
<Project ToolsVersion="4.0" xmlns="http://schemas.microsoft.com/developer/msbuild/2003">
  <ItemGroup>
    <Filter Include="源文件">
      <UniqueIdentifier>{4FC737F1-C7A5-4376-A066-2A32D752A2FF}</UniqueIdentifier>
      <Extensions>cpp;c;cc;cxx;c++;cppm;ixx;def;odl;idl;hpj;bat;asm;asmx</Extensions>
    </Filter>
    <Filter Include="头文件">
      <UniqueIdentifier>{93995380-89BD-4b04-88EB-625FBE52EBFB}</UniqueIdentifier>
      <Extensions>h;hh;hpp;hxx;h++;hm;inl;inc;ipp;xsd</Extensions>
    </Filter>
    <Filter Include="资源文件">
      <UniqueIdentifier>{67DA6AB6-F800-4c08-8B7A-83BB121AAD01}</UniqueIdentifier>
      <Extensions>rc;ico;cur;bmp;dlg;rc2;rct;bin;rgs;gif;jpg;jpeg;jpe;resx;tiff;tif;png;wav;mfcribbon-ms</Extensions>
    </Filter>
  </ItemGroup>
  <ItemGroup>
    <ClInclude Include="framework.h">
      <Filter>头文件</Filter>
    </ClInclude>
    <ClInclude Include="pch.h">
      <Filter>头文件</Filter>
    </ClInclude>
    <ClInclude Include="inc\crc-32.h">
      <Filter>头文件</Filter>
    </ClInclude>
    <ClInclude Include="inc\crcmodel.h">
      <Filter>头文件</Filter>
    </ClInclude>
    <ClInclude Include="inc\digpid.h">
      <Filter>头文件</Filter>
    </ClInclude>
    <ClInclude Include="inc\hardware.h">
      <Filter>头文件</Filter>
    </ClInclude>
    <ClInclude Include="inc\range.h">
      <Filter>头文件</Filter>
    </ClInclude>
    <ClInclude Include="inc\rangedat.h">
      <Filter>头文件</Filter>
    </ClInclude>
    <ClInclude Include="inc\shortsig.h">
      <Filter>头文件</Filter>
    </ClInclude>
    <ClInclude Include="inc\util.h">
      <Filter>头文件</Filter>
    </ClInclude>
    <ClInclude Include="inc\ccrc32.h">
      <Filter>头文件</Filter>
    </ClInclude>
    <ClInclude Include="inc\chardwar.h">
      <Filter>头文件</Filter>
    </ClInclude>
    <ClInclude Include="inc\crc32.h">
      <Filter>头文件</Filter>
    </ClInclude>
    <ClInclude Include="pidgen.h">
      <Filter>头文件</Filter>
    </ClInclude>
    <ClInclude Include="resource.h">
      <Filter>头文件</Filter>
    </ClInclude>
  </ItemGroup>
  <ItemGroup>
    <ClCompile Include="dllmain.cpp">
      <Filter>源文件</Filter>
    </ClCompile>
    <ClCompile Include="pch.cpp">
      <Filter>源文件</Filter>
    </ClCompile>
    <ClCompile Include="pidgen.cpp">
      <Filter>源文件</Filter>
    </ClCompile>
    <ClCompile Include="pidset.cpp">
      <Filter>源文件</Filter>
    </ClCompile>
    <ClCompile Include="range.cpp">
      <Filter>源文件</Filter>
    </ClCompile>
    <ClCompile Include="spidgen.cpp">
      <Filter>源文件</Filter>
    </ClCompile>
    <ClCompile Include="util.cpp">
      <Filter>源文件</Filter>
    </ClCompile>
    <ClCompile Include="crc32.cpp">
      <Filter>源文件</Filter>
    </ClCompile>
    <ClCompile Include="crc-32.cpp">
      <Filter>源文件</Filter>
    </ClCompile>
    <ClCompile Include="crtstubs.cpp">
      <Filter>源文件</Filter>
    </ClCompile>
    <ClCompile Include="hardware.cpp">
      <Filter>源文件</Filter>
    </ClCompile>
    <ClCompile Include="crcmodel.c">
      <Filter>源文件</Filter>
    </ClCompile>
  </ItemGroup>
  <ItemGroup>
    <None Include="pidgen.def">
      <Filter>源文件</Filter>
    </None>
    <None Include="00000.pub" />
    <None Include="00001.pub" />
    <None Include="00002.pub" />
    <None Include="00003.pub" />
    <None Include="00008.pub" />
    <None Include="00009.pub" />
    <None Include="00010.pub" />
    <None Include="00018.pub" />
    <None Include="00019.pub" />
    <None Include="00040.pub" />
    <None Include="00041.pub" />
    <None Include="00042.pub" />
    <None Include="00043.pub" />
    <None Include="00044.pub" />
    <None Include="00045.pub" />
    <None Include="00046.pub" />
    <None Include="00047.pub" />
  </ItemGroup>
  <ItemGroup>
    <ResourceCompile Include="pidgen.rc">
      <Filter>资源文件</Filter>
    </ResourceCompile>
  </ItemGroup>
</Project>